
Microsoft Visual Studio Solution File, Format Version 12.00
# Visual Studio Version 16
VisualStudioVersion = 16.0.32802.440
MinimumVisualStudioVersion = 10.0.40219.1
Project("{FAE04EC0-301F-11D3-BF4B-00C04F79EFBC}") = "WindowsFormsApp1", "WindowsFormsApp1\WindowsFormsApp1.csproj", "{CBAFA549-9641-4920-B246-8F249ED66B82}"
EndProject
Global
	GlobalSection(SolutionConfigurationPlatforms) = preSolution
		Debug|Any CPU = Debug|Any CPU
		Release|Any CPU = Release|Any CPU
	EndGlobalSection
	GlobalSection(ProjectConfigurationPlatforms) = postSolution
		{CBAFA549-9641-4920-B246-8F249ED66B82}.Debug|Any CPU.ActiveCfg = Debug|Any CPU
		{CBAFA549-9641-4920-B246-8F249ED66B82}.Debug|Any CPU.Build.0 = Debug|Any CPU
		{CBAFA549-9641-4920-B246-8F249ED66B82}.Release|Any CPU.ActiveCfg = Release|Any CPU
		{CBAFA549-9641-4920-B246-8F249ED66B82}.Release|Any CPU.Build.0 = Release|Any CPU
	EndGlobalSection
	GlobalSection(SolutionProperties) = preSolution
		HideSolutionNode = FALSE
	EndGlobalSection
	GlobalSection(ExtensibilityGlobals) = postSolution
		SolutionGuid = {3B3F7D4A-4179-4887-BA2C-4D6C86C82D6F}
	EndGlobalSection
EndGlobal
